
Microsoft Visual Studio Solution File, Format Version 12.00
# Visual Studio 2012
Project("{8BC9CEB8-8B4A-11D0-8D11-00A0C91BC942}") = "2001190678_PhanNguyenHaMinh_02", "2001190678_PhanNguyenHaMinh_02\2001190678_PhanNguyenHaMinh_02.vcxproj", "{EBDEB345-403B-4A30-8E8B-0ED7C9208D72}"
EndProject
Global
	GlobalSection(SolutionConfigurationPlatforms) = preSolution
		Debug|Win32 = Debug|Win32
		Release|Win32 = Release|Win32
	EndGlobalSection
	GlobalSection(ProjectConfigurationPlatforms) = postSolution
		{EBDEB345-403B-4A30-8E8B-0ED7C9208D72}.Debug|Win32.ActiveCfg = Debug|Win32
		{EBDEB345-403B-4A30-8E8B-0ED7C9208D72}.Debug|Win32.Build.0 = Debug|Win32
		{EBDEB345-403B-4A30-8E8B-0ED7C9208D72}.Release|Win32.ActiveCfg = Release|Win32
		{EBDEB345-403B-4A30-8E8B-0ED7C9208D72}.Release|Win32.Build.0 = Release|Win32
	EndGlobalSection
	GlobalSection(SolutionProperties) = preSolution
		HideSolutionNode = FALSE
	EndGlobalSection
EndGlobal
